
Microsoft Visual Studio Solution File, Format Version 12.00
Project("{FAE04EC0-301F-11D3-BF4B-00C04F79EFBC}") = "DepthSensorReader", "DepthSensorReader\DepthSensorReader.csproj", "{EF1437ED-F83F-46A1-AD42-9F4779B23291}"
EndProject
Global
	GlobalSection(SolutionConfigurationPlatforms) = preSolution
		Debug|Any CPU = Debug|Any CPU
		Release|Any CPU = Release|Any CPU
	EndGlobalSection
	GlobalSection(ProjectConfigurationPlatforms) = postSolution
		{EF1437ED-F83F-46A1-AD42-9F4779B23291}.Debug|Any CPU.ActiveCfg = Debug|Any CPU
		{EF1437ED-F83F-46A1-AD42-9F4779B23291}.Debug|Any CPU.Build.0 = Debug|Any CPU
		{EF1437ED-F83F-46A1-AD42-9F4779B23291}.Release|Any CPU.ActiveCfg = Release|Any CPU
		{EF1437ED-F83F-46A1-AD42-9F4779B23291}.Release|Any CPU.Build.0 = Release|Any CPU
	EndGlobalSection
EndGlobal
